# This file is generated by running "yarn install" inside your project.
# Manual changes might be lost - proceed with caution!

__metadata:
  version: 5
  cacheKey: 8

"angular-user-idle@workspace:.":
  version: 0.0.0-use.local
  resolution: "angular-user-idle@workspace:."
  dependencies:
    tslib: ^2.0.0
  peerDependencies:
    "@angular/common": ^6.0.0 || ^13.0.0
    "@angular/core": ^6.0.0 || ^13.0.0
    rxjs: ^6.0.0
  languageName: unknown
  linkType: soft

"tslib@npm:^2.0.0":
  version: 2.3.1
  resolution: "tslib@npm:2.3.1"
  checksum: de17a98d4614481f7fcb5cd53ffc1aaf8654313be0291e1bfaee4b4bb31a20494b7d218ff2e15017883e8ea9626599b3b0e0229c18383ba9dce89da2adf15cb9
  languageName: node
  linkType: hard
